// !$*UTF8*$!
{
	archiveVersion = 1;
	classes = {
	};
	objectVersion = 46;
	objects = {

/* Begin PBXBuildFile section */
		3258A42E1EC2B2A10099BF2D /* main.m in Sources */ = {isa = PBXBuildFile; fileRef = 3258A42D1EC2B2A10099BF2D /* main.m */; };
		3258A4311EC2B2A10099BF2D /* AppDelegate.m in Sources */ = {isa = PBXBuildFile; fileRef = 3258A4301EC2B2A10099BF2D /* AppDelegate.m */; };
		3258A4341EC2B2A10099BF2D /* ViewController.m in Sources */ = {isa = PBXBuildFile; fileRef = 3258A4331EC2B2A10099BF2D /* ViewController.m */; };
		3258A4371EC2B2A10099BF2D /* Main.storyboard in Resources */ = {isa = PBXBuildFile; fileRef = 3258A4351EC2B2A10099BF2D /* Main.storyboard */; };
		3258A43A1EC2B2A10099BF2D /* OlamiRecognizerMath24.xcdatamodeld in Sources */ = {isa = PBXBuildFile; fileRef = 3258A4381EC2B2A10099BF2D /* OlamiRecognizerMath24.xcdatamodeld */; };
		3258A43C1EC2B2A10099BF2D /* Assets.xcassets in Resources */ = {isa = PBXBuildFile; fileRef = 3258A43B1EC2B2A10099BF2D /* Assets.xcassets */; };
		3258A43F1EC2B2A10099BF2D /* LaunchScreen.storyboard in Resources */ = {isa = PBXBuildFile; fileRef = 3258A43D1EC2B2A10099BF2D /* LaunchScreen.storyboard */; };
		3258A44E1EC2B3680099BF2D /* libOlamiRecognizer.a in Frameworks */ = {isa = PBXBuildFile; fileRef = 3258A4461EC2B3680099BF2D /* libOlamiRecognizer.a */; };
		3258A44F1EC2B3680099BF2D /* Math24.m in Sources */ = {isa = PBXBuildFile; fileRef = 3258A4481EC2B3680099BF2D /* Math24.m */; };
		3258A4501EC2B3680099BF2D /* mainBackground.png in Resources */ = {isa = PBXBuildFile; fileRef = 3258A44B1EC2B3680099BF2D /* mainBackground.png */; };
		3258A4511EC2B3680099BF2D /* mainBackground@2x.png in Resources */ = {isa = PBXBuildFile; fileRef = 3258A44C1EC2B3680099BF2D /* mainBackground@2x.png */; };
		3258A4521EC2B3680099BF2D /* mainBackground@3x.png in Resources */ = {isa = PBXBuildFile; fileRef = 3258A44D1EC2B3680099BF2D /* mainBackground@3x.png */; };
/* End PBXBuildFile section */

/* Begin PBXFileReference section */
		3258A4291EC2B2A10099BF2D /* OlamiRecognizerMath24.app */ = {isa = PBXFileReference; explicitFileType = wrapper.application; includeInIndex = 0; path = OlamiRecognizerMath24.app; sourceTree = BUILT_PRODUCTS_DIR; };
		3258A42D1EC2B2A10099BF2D /* main.m */ = {isa = PBXFileReference; lastKnownFileType = sourcecode.c.objc; path = main.m; sourceTree = "<group>"; };
		3258A42F1EC2B2A10099BF2D /* AppDelegate.h */ = {isa = PBXFileReference; lastKnownFileType = sourcecode.c.h; path = AppDelegate.h; sourceTree = "<group>"; };
		3258A4301EC2B2A10099BF2D /* AppDelegate.m */ = {isa = PBXFileReference; lastKnownFileType = sourcecode.c.objc; path = AppDelegate.m; sourceTree = "<group>"; };
		3258A4321EC2B2A10099BF2D /* ViewController.h */ = {isa = PBXFileReference; lastKnownFileType = sourcecode.c.h; path = ViewController.h; sourceTree = "<group>"; };
		3258A4331EC2B2A10099BF2D /* ViewController.m */ = {isa = PBXFileReference; lastKnownFileType = sourcecode.c.objc; path = ViewController.m; sourceTree = "<group>"; };
		3258A4361EC2B2A10099BF2D /* Base */ = {isa = PBXFileReference; lastKnownFileType = file.storyboard; name = Base; path = Base.lproj/Main.storyboard; sourceTree = "<group>"; };
		3258A4391EC2B2A10099BF2D /* OlamiRecognizerMath24.xcdatamodel */ = {isa = PBXFileReference; lastKnownFileType = wrapper.xcdatamodel; path = OlamiRecognizerMath24.xcdatamodel; sourceTree = "<group>"; };
		3258A43B1EC2B2A10099BF2D /* Assets.xcassets */ = {isa = PBXFileReference; lastKnownFileType = folder.assetcatalog; path = Assets.xcassets; sourceTree = "<group>"; };
		3258A43E1EC2B2A10099BF2D /* Base */ = {isa = PBXFileReference; lastKnownFileType = file.storyboard; name = Base; path = Base.lproj/LaunchScreen.storyboard; sourceTree = "<group>"; };
		3258A4401EC2B2A10099BF2D /* Info.plist */ = {isa = PBXFileReference; lastKnownFileType = text.plist.xml; path = Info.plist; sourceTree = "<group>"; };
		3258A4461EC2B3680099BF2D /* libOlamiRecognizer.a */ = {isa = PBXFileReference; lastKnownFileType = archive.ar; path = libOlamiRecognizer.a; sourceTree = SOURCE_ROOT; };
		3258A4471EC2B3680099BF2D /* Math24.h */ = {isa = PBXFileReference; fileEncoding = 4; lastKnownFileType = sourcecode.c.h; path = Math24.h; sourceTree = SOURCE_ROOT; };
		3258A4481EC2B3680099BF2D /* Math24.m */ = {isa = PBXFileReference; fileEncoding = 4; lastKnownFileType = sourcecode.c.objc; path = Math24.m; sourceTree = SOURCE_ROOT; };
		3258A4491EC2B3680099BF2D /* OlamiRecognizer.h */ = {isa = PBXFileReference; fileEncoding = 4; lastKnownFileType = sourcecode.c.h; path = OlamiRecognizer.h; sourceTree = SOURCE_ROOT; };
		3258A44B1EC2B3680099BF2D /* mainBackground.png */ = {isa = PBXFileReference; lastKnownFileType = image.png; path = mainBackground.png; sourceTree = "<group>"; };
		3258A44C1EC2B3680099BF2D /* mainBackground@2x.png */ = {isa = PBXFileReference; lastKnownFileType = image.png; path = "mainBackground@2x.png"; sourceTree = "<group>"; };
		3258A44D1EC2B3680099BF2D /* mainBackground@3x.png */ = {isa = PBXFileReference; lastKnownFileType = image.png; path = "mainBackground@3x.png"; sourceTree = "<group>"; };
/* End PBXFileReference section */

/* Begin PBXFrameworksBuildPhase section */
		3258A4261EC2B2A10099BF2D /* Frameworks */ = {
			isa = PBXFrameworksBuildPhase;
			buildActionMask = 2147483647;
			files = (
				3258A44E1EC2B3680099BF2D /* libOlamiRecognizer.a in Frameworks */,
			);
			runOnlyForDeploymentPostprocessing = 0;
		};
/* End PBXFrameworksBuildPhase section */

/* Begin PBXGroup section */
		3258A4201EC2B2A10099BF2D = {
			isa = PBXGroup;
			children = (
				3258A42B1EC2B2A10099BF2D /* OlamiRecognizerMath24 */,
				3258A42A1EC2B2A10099BF2D /* Products */,
			);
			sourceTree = "<group>";
		};
		3258A42A1EC2B2A10099BF2D /* Products */ = {
			isa = PBXGroup;
			children = (
				3258A4291EC2B2A10099BF2D /* OlamiRecognizerMath24.app */,
			);
			name = Products;
			sourceTree = "<group>";
		};
		3258A42B1EC2B2A10099BF2D /* OlamiRecognizerMath24 */ = {
			isa = PBXGroup;
			children = (
				3258A4461EC2B3680099BF2D /* libOlamiRecognizer.a */,
				3258A4471EC2B3680099BF2D /* Math24.h */,
				3258A4481EC2B3680099BF2D /* Math24.m */,
				3258A4491EC2B3680099BF2D /* OlamiRecognizer.h */,
				3258A44A1EC2B3680099BF2D /* resource */,
				3258A42F1EC2B2A10099BF2D /* AppDelegate.h */,
				3258A4301EC2B2A10099BF2D /* AppDelegate.m */,
				3258A4321EC2B2A10099BF2D /* ViewController.h */,
				3258A4331EC2B2A10099BF2D /* ViewController.m */,
				3258A4351EC2B2A10099BF2D /* Main.storyboard */,
				3258A43B1EC2B2A10099BF2D /* Assets.xcassets */,
				3258A43D1EC2B2A10099BF2D /* LaunchScreen.storyboard */,
				3258A4401EC2B2A10099BF2D /* Info.plist */,
				3258A4381EC2B2A10099BF2D /* OlamiRecognizerMath24.xcdatamodeld */,
				3258A42C1EC2B2A10099BF2D /* Supporting Files */,
			);
			path = OlamiRecognizerMath24;
			sourceTree = "<group>";
		};
		3258A42C1EC2B2A10099BF2D /* Supporting Files */ = {
			isa = PBXGroup;
			children = (
				3258A42D1EC2B2A10099BF2D /* main.m */,
			);
			name = "Supporting Files";
			sourceTree = "<group>";
		};
		3258A44A1EC2B3680099BF2D /* resource */ = {
			isa = PBXGroup;
			children = (
				3258A44B1EC2B3680099BF2D /* mainBackground.png */,
				3258A44C1EC2B3680099BF2D /* mainBackground@2x.png */,
				3258A44D1EC2B3680099BF2D /* mainBackground@3x.png */,
			);
			path = resource;
			sourceTree = SOURCE_ROOT;
		};
/* End PBXGroup section */

/* Begin PBXNativeTarget section */
		3258A4281EC2B2A10099BF2D /* OlamiRecognizerMath24 */ = {
			isa = PBXNativeTarget;
			buildConfigurationList = 3258A4431EC2B2A10099BF2D /* Build configuration list for PBXNativeTarget "OlamiRecognizerMath24" */;
			buildPhases = (
				3258A4251EC2B2A10099BF2D /* Sources */,
				3258A4261EC2B2A10099BF2D /* Frameworks */,
				3258A4271EC2B2A10099BF2D /* Resources */,
			);
			buildRules = (
			);
			dependencies = (
			);
			name = OlamiRecognizerMath24;
			productName = OlamiRecognizerMath24;
			productReference = 3258A4291EC2B2A10099BF2D /* OlamiRecognizerMath24.app */;
			productType = "com.apple.product-type.application";
		};
/* End PBXNativeTarget section */

/* Begin PBXProject section */
		3258A4211EC2B2A10099BF2D /* Project object */ = {
			isa = PBXProject;
			attributes = {
				LastUpgradeCheck = 0830;
				ORGANIZATIONNAME = "VIA Technologies, Inc. & OLAMI Team";
				TargetAttributes = {
					3258A4281EC2B2A10099BF2D = {
						CreatedOnToolsVersion = 8.3.2;
						DevelopmentTeam = 3CAWU27LX9;
						ProvisioningStyle = Automatic;
					};
				};
			};
			buildConfigurationList = 3258A4241EC2B2A10099BF2D /* Build configuration list for PBXProject "OlamiRecognizerMath24" */;
			compatibilityVersion = "Xcode 3.2";
			developmentRegion = English;
			hasScannedForEncodings = 0;
			knownRegions = (
				en,
				Base,
			);
			mainGroup = 3258A4201EC2B2A10099BF2D;
			productRefGroup = 3258A42A1EC2B2A10099BF2D /* Products */;
			projectDirPath = "";
			projectRoot = "";
			targets = (
				3258A4281EC2B2A10099BF2D /* OlamiRecognizerMath24 */,
			);
		};
/* End PBXProject section */

/* Begin PBXResourcesBuildPhase section */
		3258A4271EC2B2A10099BF2D /* Resources */ = {
			isa = PBXResourcesBuildPhase;
			buildActionMask = 2147483647;
			files = (
				3258A4521EC2B3680099BF2D /* mainBackground@3x.png in Resources */,
				3258A43F1EC2B2A10099BF2D /* LaunchScreen.storyboard in Resources */,
				3258A4511EC2B3680099BF2D /* mainBackground@2x.png in Resources */,
				3258A43C1EC2B2A10099BF2D /* Assets.xcassets in Resources */,
				3258A4501EC2B3680099BF2D /* mainBackground.png in Resources */,
				3258A4371EC2B2A10099BF2D /* Main.storyboard in Resources */,
			);
			runOnlyForDeploymentPostprocessing = 0;
		};
/* End PBXResourcesBuildPhase section */

/* Begin PBXSourcesBuildPhase section */
		3258A4251EC2B2A10099BF2D /* Sources */ = {
			isa = PBXSourcesBuildPhase;
			buildActionMask = 2147483647;
			files = (
				3258A43A1EC2B2A10099BF2D /* OlamiRecognizerMath24.xcdatamodeld in Sources */,
				3258A4341EC2B2A10099BF2D /* ViewController.m in Sources */,
				3258A44F1EC2B3680099BF2D /* Math24.m in Sources */,
				3258A4311EC2B2A10099BF2D /* AppDelegate.m in Sources */,
				3258A42E1EC2B2A10099BF2D /* main.m in Sources */,
			);
			runOnlyForDeploymentPostprocessing = 0;
		};
/* End PBXSourcesBuildPhase section */

/* Begin PBXVariantGroup section */
		3258A4351EC2B2A10099BF2D /* Main.storyboard */ = {
			isa = PBXVariantGroup;
			children = (
				3258A4361EC2B2A10099BF2D /* Base */,
			);
			name = Main.storyboard;
			sourceTree = "<group>";
		};
		3258A43D1EC2B2A10099BF2D /* LaunchScreen.storyboard */ = {
			isa = PBXVariantGroup;
			children = (
				3258A43E1EC2B2A10099BF2D /* Base */,
			);
			name = LaunchScreen.storyboard;
			sourceTree = "<group>";
		};
/* End PBXVariantGroup section */

/* Begin XCBuildConfiguration section */
		3258A4411EC2B2A10099BF2D /* Debug */ = {
			isa = XCBuildConfiguration;
			buildSettings = {
				ALWAYS_SEARCH_USER_PATHS = NO;
				CLANG_ANALYZER_NONNULL = YES;
				CLANG_ANALYZER_NUMBER_OBJECT_CONVERSION = YES_AGGRESSIVE;
				CLANG_CXX_LANGUAGE_STANDARD = "gnu++0x";
				CLANG_CXX_LIBRARY = "libc++";
				CLANG_ENABLE_MODULES = YES;
				CLANG_ENABLE_OBJC_ARC = YES;
				CLANG_WARN_BOOL_CONVERSION = YES;
				CLANG_WARN_CONSTANT_CONVERSION = YES;
				CLANG_WARN_DIRECT_OBJC_ISA_USAGE = YES_ERROR;
				CLANG_WARN_DOCUMENTATION_COMMENTS = YES;
				CLANG_WARN_EMPTY_BODY = YES;
				CLANG_WARN_ENUM_CONVERSION = YES;
				CLANG_WARN_INFINITE_RECURSION = YES;
				CLANG_WARN_INT_CONVERSION = YES;
				CLANG_WARN_OBJC_ROOT_CLASS = YES_ERROR;
				CLANG_WARN_SUSPICIOUS_MOVE = YES;
				CLANG_WARN_UNREACHABLE_CODE = YES;
				CLANG_WARN__DUPLICATE_METHOD_MATCH = YES;
				"CODE_SIGN_IDENTITY[sdk=iphoneos*]" = "iPhone Developer";
				COPY_PHASE_STRIP = NO;
				DEBUG_INFORMATION_FORMAT = dwarf;
				ENABLE_BITCODE = NO;
				ENABLE_STRICT_OBJC_MSGSEND = YES;
				ENABLE_TESTABILITY = YES;
				GCC_C_LANGUAGE_STANDARD = gnu99;
				GCC_DYNAMIC_NO_PIC = NO;
				GCC_NO_COMMON_BLOCKS = YES;
				GCC_OPTIMIZATION_LEVEL = 0;
				GCC_PREPROCESSOR_DEFINITIONS = (
					"DEBUG=1",
					"$(inherited)",
				);
				GCC_WARN_64_TO_32_BIT_CONVERSION = YES;
				GCC_WARN_ABOUT_RETURN_TYPE = YES_ERROR;
				GCC_WARN_UNDECLARED_SELECTOR = YES;
				GCC_WARN_UNINITIALIZED_AUTOS = YES_AGGRESSIVE;
				GCC_WARN_UNUSED_FUNCTION = YES;
				GCC_WARN_UNUSED_VARIABLE = YES;
				IPHONEOS_DEPLOYMENT_TARGET = 10.3;
				MTL_ENABLE_DEBUG_INFO = YES;
				ONLY_ACTIVE_ARCH = YES;
				SDKROOT = iphoneos;
			};
			name = Debug;
		};
		3258A4421EC2B2A10099BF2D /* Release */ = {
			isa = XCBuildConfiguration;
			buildSettings = {
				ALWAYS_SEARCH_USER_PATHS = NO;
				CLANG_ANALYZER_NONNULL = YES;
				CLANG_ANALYZER_NUMBER_OBJECT_CONVERSION = YES_AGGRESSIVE;
				CLANG_CXX_LANGUAGE_STANDARD = "gnu++0x";
				CLANG_CXX_LIBRARY = "libc++";
				CLANG_ENABLE_MODULES = YES;
				CLANG_ENABLE_OBJC_ARC = YES;
				CLANG_WARN_BOOL_CONVERSION = YES;
				CLANG_WARN_CONSTANT_CONVERSION = YES;
				CLANG_WARN_DIRECT_OBJC_ISA_USAGE = YES_ERROR;
				CLANG_WARN_DOCUMENTATION_COMMENTS = YES;
				CLANG_WARN_EMPTY_BODY = YES;
				CLANG_WARN_ENUM_CONVERSION = YES;
				CLANG_WARN_INFINITE_RECURSION = YES;
				CLANG_WARN_INT_CONVERSION = YES;
				CLANG_WARN_OBJC_ROOT_CLASS = YES_ERROR;
				CLANG_WARN_SUSPICIOUS_MOVE = YES;
				CLANG_WARN_UNREACHABLE_CODE = YES;
				CLANG_WARN__DUPLICATE_METHOD_MATCH = YES;
				"CODE_SIGN_IDENTITY[sdk=iphoneos*]" = "iPhone Developer";
				COPY_PHASE_STRIP = NO;
				DEBUG_INFORMATION_FORMAT = "dwarf-with-dsym";
				ENABLE_BITCODE = NO;
				ENABLE_NS_ASSERTIONS = NO;
				ENABLE_STRICT_OBJC_MSGSEND = YES;
				GCC_C_LANGUAGE_STANDARD = gnu99;
				GCC_NO_COMMON_BLOCKS = YES;
				GCC_WARN_64_TO_32_BIT_CONVERSION = YES;
				GCC_WARN_ABOUT_RETURN_TYPE = YES_ERROR;
				GCC_WARN_UNDECLARED_SELECTOR = YES;
				GCC_WARN_UNINITIALIZED_AUTOS = YES_AGGRESSIVE;
				GCC_WARN_UNUSED_FUNCTION = YES;
				GCC_WARN_UNUSED_VARIABLE = YES;
				IPHONEOS_DEPLOYMENT_TARGET = 10.3;
				MTL_ENABLE_DEBUG_INFO = NO;
				SDKROOT = iphoneos;
				VALIDATE_PRODUCT = YES;
			};
			name = Release;
		};
		3258A4441EC2B2A10099BF2D /* Debug */ = {
			isa = XCBuildConfiguration;
			buildSettings = {
				ASSETCATALOG_COMPILER_APPICON_NAME = AppIcon;
				DEVELOPMENT_TEAM = 3CAWU27LX9;
				ENABLE_BITCODE = NO;
				INFOPLIST_FILE = OlamiRecognizerMath24/Info.plist;
				LD_RUNPATH_SEARCH_PATHS = "$(inherited) @executable_path/Frameworks";
				LIBRARY_SEARCH_PATHS = (
					"$(inherited)",
					"$(PROJECT_DIR)",
				);
				PRODUCT_BUNDLE_IDENTIFIER = ai.olami.OlamiRecognizerMath24;
				PRODUCT_NAME = "$(TARGET_NAME)";
			};
			name = Debug;
		};
		3258A4451EC2B2A10099BF2D /* Release */ = {
			isa = XCBuildConfiguration;
			buildSettings = {
				ASSETCATALOG_COMPILER_APPICON_NAME = AppIcon;
				DEVELOPMENT_TEAM = 3CAWU27LX9;
				ENABLE_BITCODE = NO;
				INFOPLIST_FILE = OlamiRecognizerMath24/Info.plist;
				LD_RUNPATH_SEARCH_PATHS = "$(inherited) @executable_path/Frameworks";
				LIBRARY_SEARCH_PATHS = (
					"$(inherited)",
					"$(PROJECT_DIR)",
				);
				PRODUCT_BUNDLE_IDENTIFIER = ai.olami.OlamiRecognizerMath24;
				PRODUCT_NAME = "$(TARGET_NAME)";
			};
			name = Release;
		};
/* End XCBuildConfiguration section */

/* Begin XCConfigurationList section */
		3258A4241EC2B2A10099BF2D /* Build configuration list for PBXProject "OlamiRecognizerMath24" */ = {
			isa = XCConfigurationList;
			buildConfigurations = (
				3258A4411EC2B2A10099BF2D /* Debug */,
				3258A4421EC2B2A10099BF2D /* Release */,
			);
			defaultConfigurationIsVisible = 0;
			defaultConfigurationName = Release;
		};
		3258A4431EC2B2A10099BF2D /* Build configuration list for PBXNativeTarget "OlamiRecognizerMath24" */ = {
			isa = XCConfigurationList;
			buildConfigurations = (
				3258A4441EC2B2A10099BF2D /* Debug */,
				3258A4451EC2B2A10099BF2D /* Release */,
			);
			defaultConfigurationIsVisible = 0;
			defaultConfigurationName = Release;
		};
/* End XCConfigurationList section */

/* Begin XCVersionGroup section */
		3258A4381EC2B2A10099BF2D /* OlamiRecognizerMath24.xcdatamodeld */ = {
			isa = XCVersionGroup;
			children = (
				3258A4391EC2B2A10099BF2D /* OlamiRecognizerMath24.xcdatamodel */,
			);
			currentVersion = 3258A4391EC2B2A10099BF2D /* OlamiRecognizerMath24.xcdatamodel */;
			path = OlamiRecognizerMath24.xcdatamodeld;
			sourceTree = "<group>";
			versionGroupType = wrapper.xcdatamodel;
		};
/* End XCVersionGroup section */
	};
	rootObject = 3258A4211EC2B2A10099BF2D /* Project object */;
}
